
Microsoft Visual Studio Solution File, Format Version 12.00
# Visual Studio Version 16
VisualStudioVersion = 16.0.31911.196
MinimumVisualStudioVersion = 10.0.40219.1
Project("{9A19103F-16F7-4668-BE54-9A1E7A4F7556}") = "Fansoft.Store.UI", "Fansoft.Store.UI\Fansoft.Store.UI.csproj", "{67183C84-3DDB-4CD3-9273-2FC59D310E09}"
EndProject
Project("{9A19103F-16F7-4668-BE54-9A1E7A4F7556}") = "Fansoft.Store.Data", "Fansoft.Store.Data\Fansoft.Store.Data.csproj", "{9140BBE5-FC3E-43CF-A9E2-831BE0227987}"
EndProject
Project("{9A19103F-16F7-4668-BE54-9A1E7A4F7556}") = "Fansoft.Store.Domain", "Fansoft.Store.Domain\Fansoft.Store.Domain.csproj", "{028A2B2D-5C6B-4D53-95B1-4437B26D0110}"
EndProject
Project("{FAE04EC0-301F-11D3-BF4B-00C04F79EFBC}") = "Fansoft.Store.IoCDI", "Fansoft.Store.IoCDI\Fansoft.Store.IoCDI.csproj", "{14F952F4-E3AF-4047-AB74-25037955349F}"
EndProject
Global
	GlobalSection(SolutionConfigurationPlatforms) = preSolution
		Debug|Any CPU = Debug|Any CPU
		Release|Any CPU = Release|Any CPU
	EndGlobalSection
	GlobalSection(ProjectConfigurationPlatforms) = postSolution
		{67183C84-3DDB-4CD3-9273-2FC59D310E09}.Debug|Any CPU.ActiveCfg = Debug|Any CPU
		{67183C84-3DDB-4CD3-9273-2FC59D310E09}.Debug|Any CPU.Build.0 = Debug|Any CPU
		{67183C84-3DDB-4CD3-9273-2FC59D310E09}.Release|Any CPU.ActiveCfg = Release|Any CPU
		{67183C84-3DDB-4CD3-9273-2FC59D310E09}.Release|Any CPU.Build.0 = Release|Any CPU
		{9140BBE5-FC3E-43CF-A9E2-831BE0227987}.Debug|Any CPU.ActiveCfg = Debug|Any CPU
		{9140BBE5-FC3E-43CF-A9E2-831BE0227987}.Debug|Any CPU.Build.0 = Debug|Any CPU
		{9140BBE5-FC3E-43CF-A9E2-831BE0227987}.Release|Any CPU.ActiveCfg = Release|Any CPU
		{9140BBE5-FC3E-43CF-A9E2-831BE0227987}.Release|Any CPU.Build.0 = Release|Any CPU
		{028A2B2D-5C6B-4D53-95B1-4437B26D0110}.Debug|Any CPU.ActiveCfg = Debug|Any CPU
		{028A2B2D-5C6B-4D53-95B1-4437B26D0110}.Debug|Any CPU.Build.0 = Debug|Any CPU
		{028A2B2D-5C6B-4D53-95B1-4437B26D0110}.Release|Any CPU.ActiveCfg = Release|Any CPU
		{028A2B2D-5C6B-4D53-95B1-4437B26D0110}.Release|Any CPU.Build.0 = Release|Any CPU
		{14F952F4-E3AF-4047-AB74-25037955349F}.Debug|Any CPU.ActiveCfg = Debug|Any CPU
		{14F952F4-E3AF-4047-AB74-25037955349F}.Debug|Any CPU.Build.0 = Debug|Any CPU
		{14F952F4-E3AF-4047-AB74-25037955349F}.Release|Any CPU.ActiveCfg = Release|Any CPU
		{14F952F4-E3AF-4047-AB74-25037955349F}.Release|Any CPU.Build.0 = Release|Any CPU
	EndGlobalSection
	GlobalSection(SolutionProperties) = preSolution
		HideSolutionNode = FALSE
	EndGlobalSection
	GlobalSection(ExtensibilityGlobals) = postSolution
		SolutionGuid = {600C5B8F-4935-4248-A395-751447F52471}
	EndGlobalSection
EndGlobal
